{
  "name": "webauthn-passwordless-web",
  "version": "0.0.1",
  "lockfileVersion": 2,
  "requires": true,
  "packages": {
    "": {
      "name": "webauthn-passwordless-web",
      "version": "0.0.1",
      "license": "ISC",
      "dependencies": {
        "@simplewebauthn/browser": "^7.1.0"
      }
    },
    "node_modules/@simplewebauthn/browser": {
      "version": "7.1.0",
      "resolved": "https://registry.npmjs.org/@simplewebauthn/browser/-/browser-7.1.0.tgz",
      "integrity": "sha512-SEwRBBpz/g3AbFvTrsoMbrn8b+HqCIiKE/0lmOywrZu/4ktfKxSDFVwG9U1QM4BdGrvm8kXPO0xv2xj/AqhsUw=="
    }
  },
  "dependencies": {
    "@simplewebauthn/browser": {
      "version": "7.1.0",
      "resolved": "https://registry.npmjs.org/@simplewebauthn/browser/-/browser-7.1.0.tgz",
      "integrity": "sha512-SEwRBBpz/g3AbFvTrsoMbrn8b+HqCIiKE/0lmOywrZu/4ktfKxSDFVwG9U1QM4BdGrvm8kXPO0xv2xj/AqhsUw=="
    }
  }
}
