{
  "name": "webauthn-passwordless-web",
  "version": "0.0.1",
  "lockfileVersion": 2,
  "requires": true,
  "packages": {
    "": {
      "name": "webauthn-passwordless-web",
      "version": "0.0.1",
      "license": "ISC",
      "dependencies": {
        "@simplewebauthn/browser": "^6.2.2"
      }
    },
    "node_modules/@simplewebauthn/browser": {
      "version": "6.2.2",
      "resolved": "https://registry.npmjs.org/@simplewebauthn/browser/-/browser-6.2.2.tgz",
      "integrity": "sha512-VUtne7+s6BmW4usnbitjZEI1VNT/PNh6bYg+AI4OMdfpo5z+yAq+6iVAWBJlIUGVk5InetEQvTUp6OefBam8qg=="
    }
  },
  "dependencies": {
    "@simplewebauthn/browser": {
      "version": "6.2.2",
      "resolved": "https://registry.npmjs.org/@simplewebauthn/browser/-/browser-6.2.2.tgz",
      "integrity": "sha512-VUtne7+s6BmW4usnbitjZEI1VNT/PNh6bYg+AI4OMdfpo5z+yAq+6iVAWBJlIUGVk5InetEQvTUp6OefBam8qg=="
    }
  }
}
