{
  "name": "webauthn-passwordless-web",
  "version": "0.0.1",
  "lockfileVersion": 2,
  "requires": true,
  "packages": {
    "": {
      "name": "webauthn-passwordless-web",
      "version": "0.0.1",
      "license": "ISC",
      "dependencies": {
        "@simplewebauthn/browser": "^7.0.1"
      }
    },
    "node_modules/@simplewebauthn/browser": {
      "version": "7.0.1",
      "resolved": "https://registry.npmjs.org/@simplewebauthn/browser/-/browser-7.0.1.tgz",
      "integrity": "sha512-zFTTQojH8FWAvzBeB9WHMkZz5XrHaNQwKmdpGDfyRtXHJSLlWUjZN1egD2vWqU+gE0CKl0NRZJ56uLugBs9AUg=="
    }
  },
  "dependencies": {
    "@simplewebauthn/browser": {
      "version": "7.0.1",
      "resolved": "https://registry.npmjs.org/@simplewebauthn/browser/-/browser-7.0.1.tgz",
      "integrity": "sha512-zFTTQojH8FWAvzBeB9WHMkZz5XrHaNQwKmdpGDfyRtXHJSLlWUjZN1egD2vWqU+gE0CKl0NRZJ56uLugBs9AUg=="
    }
  }
}
